
Microsoft Visual Studio Solution File, Format Version 12.00
# Visual Studio 15
VisualStudioVersion = 15.0.28307.539
MinimumVisualStudioVersion = 10.0.40219.1
Project("{FAE04EC0-301F-11D3-BF4B-00C04F79EFBC}") = "Deciphering", "Deciphering\Deciphering.csproj", "{B80913CA-D9BC-4662-B4AB-0431026617CE}"
EndProject
Global
	GlobalSection(SolutionConfigurationPlatforms) = preSolution
		Debug|Any CPU = Debug|Any CPU
		Release|Any CPU = Release|Any CPU
	EndGlobalSection
	GlobalSection(ProjectConfigurationPlatforms) = postSolution
		{B80913CA-D9BC-4662-B4AB-0431026617CE}.Debug|Any CPU.ActiveCfg = Debug|Any CPU
		{B80913CA-D9BC-4662-B4AB-0431026617CE}.Debug|Any CPU.Build.0 = Debug|Any CPU
		{B80913CA-D9BC-4662-B4AB-0431026617CE}.Release|Any CPU.ActiveCfg = Release|Any CPU
		{B80913CA-D9BC-4662-B4AB-0431026617CE}.Release|Any CPU.Build.0 = Release|Any CPU
	EndGlobalSection
	GlobalSection(SolutionProperties) = preSolution
		HideSolutionNode = FALSE
	EndGlobalSection
	GlobalSection(ExtensibilityGlobals) = postSolution
		SolutionGuid = {3B97AF1A-D821-4773-A516-C91AC026661C}
	EndGlobalSection
EndGlobal
